{
  "version": "5",
  "redirects": {
    "https://esm.sh/@supabase/supabase-js@2": "https://esm.sh/@supabase/supabase-js@2.107.0",
    "https://esm.sh/hono@4": "https://esm.sh/hono@4.12.23",
    "https://esm.sh/mcp-lite@latest": "https://esm.sh/mcp-lite@0.10.0",
    "https://esm.sh/zod-to-json-schema@3": "https://esm.sh/zod-to-json-schema@3.25.2",
    "https://esm.sh/zod@3": "https://esm.sh/zod@3.25.76"
  },
  "remote": {
    "https://esm.sh/@supabase/supabase-js@2.106.1": "1b378cc89620ed0bf3e646b946b593e75d8e8ac0e43a4e07db6b71516ca757ec",
    "https://esm.sh/@supabase/supabase-js@2.107.0": "8caa09b0223684d83cfa273de2946af25430d7ca8e5320b721226a0c7a8c6e98",
    "https://esm.sh/hono@4.12.23": "5b69a19b471543088696e8a14464633137412003b8b03f69187be24d4f40a58b",
    "https://esm.sh/mcp-lite@0.10.0": "53e2589774c1c8cb92eb6d284f2e8b5be493e722b29a59602a65bffa590a73df",
    "https://esm.sh/zod-to-json-schema@3.25.2": "c0d062b77cb951961c76ec2e6ee9c348505168a924ad432a87423b1bca9c53c8",
    "https://esm.sh/zod@3.25.76": "3fb2d6fc9ba6facc140a9875710339f90e89befb26fd9b39da83644d4dd6a701"
  }
}
